
Microsoft Visual Studio Solution File, Format Version 12.00
# Visual Studio Version 17
VisualStudioVersion = 17.0.31903.59
MinimumVisualStudioVersion = 10.0.40219.1
Project("{FAE04EC0-301F-11D3-BF4B-00C04F79EFBC}") = "OopShapesProject", "OopShapesProject\OopShapesProject.csproj", "{B274DD17-416F-4AE7-89EA-2F88A33A653C}"
EndProject
Project("{FAE04EC0-301F-11D3-BF4B-00C04F79EFBC}") = "OopShapesProject.Tests", "OopShapesProject.Tests\OopShapesProject.Tests.csproj", "{611950DC-6C26-4131-901F-9D2A9AE871CA}"
EndProject
Global
	GlobalSection(SolutionConfigurationPlatforms) = preSolution
		Debug|Any CPU = Debug|Any CPU
		Release|Any CPU = Release|Any CPU
	EndGlobalSection
	GlobalSection(SolutionProperties) = preSolution
		HideSolutionNode = FALSE
	EndGlobalSection
	GlobalSection(ProjectConfigurationPlatforms) = postSolution
		{B274DD17-416F-4AE7-89EA-2F88A33A653C}.Debug|Any CPU.ActiveCfg = Debug|Any CPU
		{B274DD17-416F-4AE7-89EA-2F88A33A653C}.Debug|Any CPU.Build.0 = Debug|Any CPU
		{B274DD17-416F-4AE7-89EA-2F88A33A653C}.Release|Any CPU.ActiveCfg = Release|Any CPU
		{B274DD17-416F-4AE7-89EA-2F88A33A653C}.Release|Any CPU.Build.0 = Release|Any CPU
		{611950DC-6C26-4131-901F-9D2A9AE871CA}.Debug|Any CPU.ActiveCfg = Debug|Any CPU
		{611950DC-6C26-4131-901F-9D2A9AE871CA}.Debug|Any CPU.Build.0 = Debug|Any CPU
		{611950DC-6C26-4131-901F-9D2A9AE871CA}.Release|Any CPU.ActiveCfg = Release|Any CPU
		{611950DC-6C26-4131-901F-9D2A9AE871CA}.Release|Any CPU.Build.0 = Release|Any CPU
	EndGlobalSection
EndGlobal
