Microsoft Visual Studio Solution File, Format Version 12.00
# Visual Studio Version 17
VisualStudioVersion = 17.5.2.0
MinimumVisualStudioVersion = 10.0.40219.1
Project("{FAE04EC0-301F-11D3-BF4B-00C04F79EFBC}") = "LibraryProject", "LibraryProject\LibraryProject.csproj", "{61EEA953-31DB-E96C-F353-FCEC11857390}"
EndProject
Project("{2150E333-8FDC-42A3-9474-1A3956D46DE8}") = "LibraryProject (1)", "LibraryProject (1)", "{F75DCA70-0DEC-A2FB-6D8A-EA715C6CDA93}"
EndProject
Project("{FAE04EC0-301F-11D3-BF4B-00C04F79EFBC}") = "LibraryProject.Test", "LibraryProject\LibraryProject.Test\LibraryProject.Test.csproj", "{0EB745A2-EB26-ABF3-7AE7-042ED4DAA8CA}"
EndProject
Global
	GlobalSection(SolutionConfigurationPlatforms) = preSolution
		Debug|Any CPU = Debug|Any CPU
		Release|Any CPU = Release|Any CPU
	EndGlobalSection
	GlobalSection(ProjectConfigurationPlatforms) = postSolution
		{61EEA953-31DB-E96C-F353-FCEC11857390}.Debug|Any CPU.ActiveCfg = Debug|Any CPU
		{61EEA953-31DB-E96C-F353-FCEC11857390}.Debug|Any CPU.Build.0 = Debug|Any CPU
		{61EEA953-31DB-E96C-F353-FCEC11857390}.Release|Any CPU.ActiveCfg = Release|Any CPU
		{61EEA953-31DB-E96C-F353-FCEC11857390}.Release|Any CPU.Build.0 = Release|Any CPU
		{0EB745A2-EB26-ABF3-7AE7-042ED4DAA8CA}.Debug|Any CPU.ActiveCfg = Debug|Any CPU
		{0EB745A2-EB26-ABF3-7AE7-042ED4DAA8CA}.Debug|Any CPU.Build.0 = Debug|Any CPU
		{0EB745A2-EB26-ABF3-7AE7-042ED4DAA8CA}.Release|Any CPU.ActiveCfg = Release|Any CPU
		{0EB745A2-EB26-ABF3-7AE7-042ED4DAA8CA}.Release|Any CPU.Build.0 = Release|Any CPU
	EndGlobalSection
	GlobalSection(SolutionProperties) = preSolution
		HideSolutionNode = FALSE
	EndGlobalSection
	GlobalSection(NestedProjects) = preSolution
		{0EB745A2-EB26-ABF3-7AE7-042ED4DAA8CA} = {F75DCA70-0DEC-A2FB-6D8A-EA715C6CDA93}
	EndGlobalSection
	GlobalSection(ExtensibilityGlobals) = postSolution
		SolutionGuid = {1670FD4C-608B-452C-820D-127D05EDF7ED}
	EndGlobalSection
EndGlobal
